# THIS IS AN AUTOGENERATED FILE. DO NOT EDIT THIS FILE DIRECTLY.
# yarn lockfile v1


"@types/aws-lambda@^8.10.92":
  version "8.10.152"
  resolved "https://registry.yarnpkg.com/@types/aws-lambda/-/aws-lambda-8.10.152.tgz#f68424a8175f0a54a2a941e65b76c3f51f3bd89d"
  integrity sha512-soT/c2gYBnT5ygwiHPmd9a1bftj462NWVk2tKCc1PYHSIacB2UwbTS2zYG4jzag1mRDuzg/OjtxQjQ2NKRB6Rw==
